
Microsoft Visual Studio Solution File, Format Version 12.00
# Visual Studio 2012
Project("{FAE04EC0-301F-11D3-BF4B-00C04F79EFBC}") = "IOCardTesterGTK", "IOCardTesterGTK\IOCardTesterGTK.csproj", "{4E5A0BF0-2BE8-4644-BE4F-8023198B181B}"
EndProject
Project("{FAE04EC0-301F-11D3-BF4B-00C04F79EFBC}") = "CommandMessenger", "..\..\firmware\lib\Arduino-CmdMessenger\extras\CSharp\CommandMessenger\CommandMessenger.csproj", "{3CF8F8FC-6F5C-46F8-94DC-C2E4C505ECA4}"
EndProject
Project("{FAE04EC0-301F-11D3-BF4B-00C04F79EFBC}") = "CommandMessenger.Transport.Serial", "..\..\firmware\lib\Arduino-CmdMessenger\extras\CSharp\CommandMessenger.Transport.Serial\CommandMessenger.Transport.Serial.csproj", "{00D85F0B-00A5-41FA-8A99-428C0199C663}"
EndProject
Project("{FAE04EC0-301F-11D3-BF4B-00C04F79EFBC}") = "IOCardLibrary", "..\..\csharp_driver\IOCardLibrary\IOCardLibrary.csproj", "{054F8632-17EE-4BAC-8C20-8A322FD6EC2A}"
EndProject
Global
	GlobalSection(SolutionConfigurationPlatforms) = preSolution
		Debug|x86 = Debug|x86
		Release|x86 = Release|x86
	EndGlobalSection
	GlobalSection(ProjectConfigurationPlatforms) = postSolution
		{4E5A0BF0-2BE8-4644-BE4F-8023198B181B}.Debug|x86.ActiveCfg = Debug|x86
		{4E5A0BF0-2BE8-4644-BE4F-8023198B181B}.Debug|x86.Build.0 = Debug|x86
		{4E5A0BF0-2BE8-4644-BE4F-8023198B181B}.Release|x86.ActiveCfg = Release|x86
		{4E5A0BF0-2BE8-4644-BE4F-8023198B181B}.Release|x86.Build.0 = Release|x86
		{3CF8F8FC-6F5C-46F8-94DC-C2E4C505ECA4}.Debug|x86.ActiveCfg = Debug|x86
		{3CF8F8FC-6F5C-46F8-94DC-C2E4C505ECA4}.Debug|x86.Build.0 = Debug|x86
		{3CF8F8FC-6F5C-46F8-94DC-C2E4C505ECA4}.Release|x86.ActiveCfg = Release|x86
		{3CF8F8FC-6F5C-46F8-94DC-C2E4C505ECA4}.Release|x86.Build.0 = Release|x86
		{00D85F0B-00A5-41FA-8A99-428C0199C663}.Debug|x86.ActiveCfg = Debug|x86
		{00D85F0B-00A5-41FA-8A99-428C0199C663}.Debug|x86.Build.0 = Debug|x86
		{00D85F0B-00A5-41FA-8A99-428C0199C663}.Release|x86.ActiveCfg = Release|x86
		{00D85F0B-00A5-41FA-8A99-428C0199C663}.Release|x86.Build.0 = Release|x86
		{054F8632-17EE-4BAC-8C20-8A322FD6EC2A}.Debug|x86.ActiveCfg = Debug|Any CPU
		{054F8632-17EE-4BAC-8C20-8A322FD6EC2A}.Debug|x86.Build.0 = Debug|Any CPU
		{054F8632-17EE-4BAC-8C20-8A322FD6EC2A}.Release|x86.ActiveCfg = Release|Any CPU
		{054F8632-17EE-4BAC-8C20-8A322FD6EC2A}.Release|x86.Build.0 = Release|Any CPU
	EndGlobalSection
	GlobalSection(MonoDevelopProperties) = preSolution
		Policies = $0
		$0.DotNetNamingPolicy = $1
		$1.DirectoryNamespaceAssociation = None
		$1.ResourceNamePolicy = FileFormatDefault
		$0.NameConventionPolicy = $2
		$2.Rules = $3
		$3.NamingRule = $4
		$4.Name = Type Parameters
		$4.AffectedEntity = TypeParameter
		$4.VisibilityMask = VisibilityMask
		$4.NamingStyle = PascalCase
		$4.IncludeInstanceMembers = True
		$4.IncludeStaticEntities = True
		$4.RequiredPrefixes = $5
		$5.String = T
		$4.RequiredSuffixes = $6
		$6.String = Exception
		$0.VersionControlPolicy = $7
		$7.inheritsSet = Mono
	EndGlobalSection
EndGlobal
